<?xml version="1.0" encoding="utf-8"?>
<Project ToolsVersion="4.0" xmlns="http://schemas.microsoft.com/developer/msbuild/2003">
  <ItemGroup>
    <Filter Include="Исходные файлы">
      <UniqueIdentifier>{4FC737F1-C7A5-4376-A066-2A32D752A2FF}</UniqueIdentifier>
      <Extensions>cpp;c;cc;cxx;def;odl;idl;hpj;bat;asm;asmx</Extensions>
    </Filter>
    <Filter Include="Файлы заголовков">
      <UniqueIdentifier>{93995380-89BD-4b04-88EB-625FBE52EBFB}</UniqueIdentifier>
      <Extensions>h;hh;hpp;hxx;hm;inl;inc;ipp;xsd</Extensions>
    </Filter>
    <Filter Include="Исходные файлы\GhostMode">
      <UniqueIdentifier>{dd7c2a88-c994-41f8-8924-e80eb35be082}</UniqueIdentifier>
    </Filter>
    <Filter Include="Файлы заголовков\GhostMode">
      <UniqueIdentifier>{22de7ff3-39af-485b-bbdc-6c16bc1f48f3}</UniqueIdentifier>
    </Filter>
    <Filter Include="Файлы заголовков\Ghosts">
      <UniqueIdentifier>{377464a8-f614-4f26-963f-65e27a3c8a7b}</UniqueIdentifier>
    </Filter>
    <Filter Include="Исходные файлы\Ghosts">
      <UniqueIdentifier>{616d2459-8464-4a11-b15b-11dc09630add}</UniqueIdentifier>
    </Filter>
    <Filter Include="Исходные файлы\GhostMode\ChaseModes">
      <UniqueIdentifier>{c2218de8-6f56-4b1e-b5c1-0dd48831d9d4}</UniqueIdentifier>
    </Filter>
    <Filter Include="Файлы заголовков\GhostMode\ChaseModes">
      <UniqueIdentifier>{8e3c77eb-c2e8-440c-9952-6fffd26869ae}</UniqueIdentifier>
    </Filter>
  </ItemGroup>
  <ItemGroup>
    <ClCompile Include="PacManApp.cpp">
      <Filter>Исходные файлы</Filter>
    </ClCompile>
    <ClCompile Include="Timer.cpp">
      <Filter>Исходные файлы</Filter>
    </ClCompile>
    <ClCompile Include="ConsoleUI.cpp">
      <Filter>Исходные файлы</Filter>
    </ClCompile>
    <ClCompile Include="Game.cpp">
      <Filter>Исходные файлы</Filter>
    </ClCompile>
    <ClCompile Include="Character.cpp">
      <Filter>Исходные файлы</Filter>
    </ClCompile>
    <ClCompile Include="PacMan.cpp">
      <Filter>Исходные файлы</Filter>
    </ClCompile>
    <ClCompile Include="Ghost.cpp">
      <Filter>Исходные файлы</Filter>
    </ClCompile>
    <ClCompile Include="GhostMode.cpp">
      <Filter>Исходные файлы\GhostMode</Filter>
    </ClCompile>
    <ClCompile Include="InitialMode.cpp">
      <Filter>Исходные файлы\GhostMode</Filter>
    </ClCompile>
    <ClCompile Include="ChaseMode.cpp">
      <Filter>Исходные файлы\GhostMode</Filter>
    </ClCompile>
    <ClCompile Include="ScatterMode.cpp">
      <Filter>Исходные файлы\GhostMode</Filter>
    </ClCompile>
    <ClCompile Include="FrightenedMode.cpp">
      <Filter>Исходные файлы\GhostMode</Filter>
    </ClCompile>
    <ClCompile Include="LeaveGageMode.cpp">
      <Filter>Исходные файлы\GhostMode</Filter>
    </ClCompile>
    <ClCompile Include="DirectionMeasurement.cpp">
      <Filter>Исходные файлы</Filter>
    </ClCompile>
    <ClCompile Include="EnterCageMode.cpp">
      <Filter>Исходные файлы\GhostMode</Filter>
    </ClCompile>
    <ClCompile Include="Blinky.cpp">
      <Filter>Исходные файлы\Ghosts</Filter>
    </ClCompile>
    <ClCompile Include="Pinky.cpp">
      <Filter>Исходные файлы\Ghosts</Filter>
    </ClCompile>
    <ClCompile Include="Inky.cpp">
      <Filter>Исходные файлы\Ghosts</Filter>
    </ClCompile>
    <ClCompile Include="Clyde.cpp">
      <Filter>Исходные файлы\Ghosts</Filter>
    </ClCompile>
    <ClCompile Include="BlinkyChaseMode.cpp">
      <Filter>Исходные файлы\GhostMode\ChaseModes</Filter>
    </ClCompile>
    <ClCompile Include="PinkyChaseMode.cpp">
      <Filter>Исходные файлы\GhostMode\ChaseModes</Filter>
    </ClCompile>
    <ClCompile Include="InkyChaseMode.cpp">
      <Filter>Исходные файлы\GhostMode\ChaseModes</Filter>
    </ClCompile>
    <ClCompile Include="ClydeChaseMode.cpp">
      <Filter>Исходные файлы\GhostMode\ChaseModes</Filter>
    </ClCompile>
  </ItemGroup>
  <ItemGroup>
    <ClInclude Include="Constants.hpp">
      <Filter>Файлы заголовков</Filter>
    </ClInclude>
    <ClInclude Include="ConsoleUI.hpp">
      <Filter>Файлы заголовков</Filter>
    </ClInclude>
    <ClInclude Include="CoordinatesXY.hpp">
      <Filter>Файлы заголовков</Filter>
    </ClInclude>
    <ClInclude Include="Game.hpp">
      <Filter>Файлы заголовков</Filter>
    </ClInclude>
    <ClInclude Include="Timer.hpp">
      <Filter>Файлы заголовков</Filter>
    </ClInclude>
    <ClInclude Include="Character.hpp">
      <Filter>Файлы заголовков</Filter>
    </ClInclude>
    <ClInclude Include="PacMan.hpp">
      <Filter>Файлы заголовков</Filter>
    </ClInclude>
    <ClInclude Include="Ghost.hpp">
      <Filter>Файлы заголовков</Filter>
    </ClInclude>
    <ClInclude Include="GhostMode.hpp">
      <Filter>Файлы заголовков\GhostMode</Filter>
    </ClInclude>
    <ClInclude Include="InitialMode.hpp">
      <Filter>Файлы заголовков\GhostMode</Filter>
    </ClInclude>
    <ClInclude Include="ChaseMode.h">
      <Filter>Файлы заголовков\GhostMode</Filter>
    </ClInclude>
    <ClInclude Include="ScatterMode.hpp">
      <Filter>Файлы заголовков\GhostMode</Filter>
    </ClInclude>
    <ClInclude Include="FrightenedMode.hpp">
      <Filter>Файлы заголовков\GhostMode</Filter>
    </ClInclude>
    <ClInclude Include="DirectionMeasurement.hpp">
      <Filter>Файлы заголовков</Filter>
    </ClInclude>
    <ClInclude Include="EnterCageMode.hpp">
      <Filter>Файлы заголовков\GhostMode</Filter>
    </ClInclude>
    <ClInclude Include="LeaveCageMode.hpp">
      <Filter>Файлы заголовков\GhostMode</Filter>
    </ClInclude>
    <ClInclude Include="Blinky.hpp">
      <Filter>Файлы заголовков\Ghosts</Filter>
    </ClInclude>
    <ClInclude Include="Pinky.hpp">
      <Filter>Файлы заголовков\Ghosts</Filter>
    </ClInclude>
    <ClInclude Include="Inky.hpp">
      <Filter>Файлы заголовков\Ghosts</Filter>
    </ClInclude>
    <ClInclude Include="Clyde.hpp">
      <Filter>Файлы заголовков\Ghosts</Filter>
    </ClInclude>
    <ClInclude Include="BlinkyChaseMode.hpp">
      <Filter>Файлы заголовков\GhostMode\ChaseModes</Filter>
    </ClInclude>
    <ClInclude Include="PinkyChaseMode.hpp">
      <Filter>Файлы заголовков\GhostMode\ChaseModes</Filter>
    </ClInclude>
    <ClInclude Include="InkyChaseMode.hpp">
      <Filter>Файлы заголовков\GhostMode\ChaseModes</Filter>
    </ClInclude>
    <ClInclude Include="resource.h">
      <Filter>Файлы заголовков</Filter>
    </ClInclude>
    <ClInclude Include="ClydeChaseMode.h">
      <Filter>Файлы заголовков\GhostMode\ChaseModes</Filter>
    </ClInclude>
  </ItemGroup>
  <ItemGroup>
    <ResourceCompile Include="PacManApp1.rc" />
  </ItemGroup>
</Project>